{
  "name": "Project",
  "version": "1.0.0",
  "lockfileVersion": 2,
  "requires": true,
  "packages": {
    "": {
      "name": "Project",
      "version": "1.0.0",
      "dependencies": {
        "@salesforce/apex": "^0.0.21"
      }
    },
    "node_modules/@salesforce/apex": {
      "version": "0.0.21",
      "resolved": "https://registry.npmjs.org/@salesforce/apex/-/apex-0.0.21.tgz",
      "integrity": "sha512-sRQ7eHDzgjCN2FEDZgyDK35TonKT9MWC3Qb1dsOqpmc4icdTIpGxzKd8IZ8JlMIH1TkvJ1VfksFRV9zdn+D+eg=="
    }
  },
  "dependencies": {
    "@salesforce/apex": {
      "version": "0.0.21",
      "resolved": "https://registry.npmjs.org/@salesforce/apex/-/apex-0.0.21.tgz",
      "integrity": "sha512-sRQ7eHDzgjCN2FEDZgyDK35TonKT9MWC3Qb1dsOqpmc4icdTIpGxzKd8IZ8JlMIH1TkvJ1VfksFRV9zdn+D+eg=="
    }
  }
}
